
Microsoft Visual Studio Solution File, Format Version 12.00
# Visual Studio 15
Project("{FAE04EC0-301F-11D3-BF4B-00C04F79EFBC}") = "Assembly-CSharp", "Assembly-CSharp.csproj", "{BBCAA9C5-424E-6C82-49ED-4FB36FB4E83C}"
EndProject
Project("{FAE04EC0-301F-11D3-BF4B-00C04F79EFBC}") = "Assembly-CSharp-Editor", "Assembly-CSharp-Editor.csproj", "{F6495D82-22A5-AAF4-D8BB-271791ACCBA6}"
EndProject
Global
	GlobalSection(SolutionConfigurationPlatforms) = preSolution
		Debug|Any CPU = Debug|Any CPU
		Release|Any CPU = Release|Any CPU
	EndGlobalSection
	GlobalSection(ProjectConfigurationPlatforms) = postSolution
		{BBCAA9C5-424E-6C82-49ED-4FB36FB4E83C}.Debug|Any CPU.ActiveCfg = Debug|Any CPU
		{BBCAA9C5-424E-6C82-49ED-4FB36FB4E83C}.Debug|Any CPU.Build.0 = Debug|Any CPU
		{BBCAA9C5-424E-6C82-49ED-4FB36FB4E83C}.Release|Any CPU.ActiveCfg = Release|Any CPU
		{BBCAA9C5-424E-6C82-49ED-4FB36FB4E83C}.Release|Any CPU.Build.0 = Release|Any CPU
		{F6495D82-22A5-AAF4-D8BB-271791ACCBA6}.Debug|Any CPU.ActiveCfg = Debug|Any CPU
		{F6495D82-22A5-AAF4-D8BB-271791ACCBA6}.Debug|Any CPU.Build.0 = Debug|Any CPU
		{F6495D82-22A5-AAF4-D8BB-271791ACCBA6}.Release|Any CPU.ActiveCfg = Release|Any CPU
		{F6495D82-22A5-AAF4-D8BB-271791ACCBA6}.Release|Any CPU.Build.0 = Release|Any CPU
	EndGlobalSection
	GlobalSection(SolutionProperties) = preSolution
		HideSolutionNode = FALSE
	EndGlobalSection
EndGlobal
